
Microsoft Visual Studio Solution File, Format Version 12.00
Project("{2150E333-8FDC-42A3-9474-1A3956D46DE8}") = "src", "src", "{2672C393-4253-4644-BC78-3976B38BF8D9}"
EndProject
Project("{FAE04EC0-301F-11D3-BF4B-00C04F79EFBC}") = "ReportingToPdf", "src\ReportingToPdf\ReportingToPdf.csproj", "{4EFF24ED-2658-4390-B087-4465C33F1926}"
EndProject
Global
	GlobalSection(SolutionConfigurationPlatforms) = preSolution
		Debug|Any CPU = Debug|Any CPU
		Release|Any CPU = Release|Any CPU
	EndGlobalSection
	GlobalSection(NestedProjects) = preSolution
		{4EFF24ED-2658-4390-B087-4465C33F1926} = {2672C393-4253-4644-BC78-3976B38BF8D9}
	EndGlobalSection
	GlobalSection(ProjectConfigurationPlatforms) = postSolution
		{4EFF24ED-2658-4390-B087-4465C33F1926}.Debug|Any CPU.ActiveCfg = Debug|Any CPU
		{4EFF24ED-2658-4390-B087-4465C33F1926}.Debug|Any CPU.Build.0 = Debug|Any CPU
		{4EFF24ED-2658-4390-B087-4465C33F1926}.Release|Any CPU.ActiveCfg = Release|Any CPU
		{4EFF24ED-2658-4390-B087-4465C33F1926}.Release|Any CPU.Build.0 = Release|Any CPU
	EndGlobalSection
EndGlobal
